
Microsoft Visual Studio Solution File, Format Version 12.00
# Visual Studio Version 17
VisualStudioVersion = 17.5.33424.131
MinimumVisualStudioVersion = 10.0.40219.1
Project("{8BC9CEB8-8B4A-11D0-8D11-00A0C91BC942}") = "Ch03", "Ch03.vcxproj", "{B3ABCD87-58B6-48B0-BDD8-7B9FFB40794B}"
EndProject
Global
	GlobalSection(SolutionConfigurationPlatforms) = preSolution
		Debug|x64 = Debug|x64
		Debug|x86 = Debug|x86
		Release|x64 = Release|x64
		Release|x86 = Release|x86
	EndGlobalSection
	GlobalSection(ProjectConfigurationPlatforms) = postSolution
		{B3ABCD87-58B6-48B0-BDD8-7B9FFB40794B}.Debug|x64.ActiveCfg = Debug|x64
		{B3ABCD87-58B6-48B0-BDD8-7B9FFB40794B}.Debug|x64.Build.0 = Debug|x64
		{B3ABCD87-58B6-48B0-BDD8-7B9FFB40794B}.Debug|x86.ActiveCfg = Debug|Win32
		{B3ABCD87-58B6-48B0-BDD8-7B9FFB40794B}.Debug|x86.Build.0 = Debug|Win32
		{B3ABCD87-58B6-48B0-BDD8-7B9FFB40794B}.Release|x64.ActiveCfg = Release|x64
		{B3ABCD87-58B6-48B0-BDD8-7B9FFB40794B}.Release|x64.Build.0 = Release|x64
		{B3ABCD87-58B6-48B0-BDD8-7B9FFB40794B}.Release|x86.ActiveCfg = Release|Win32
		{B3ABCD87-58B6-48B0-BDD8-7B9FFB40794B}.Release|x86.Build.0 = Release|Win32
	EndGlobalSection
	GlobalSection(SolutionProperties) = preSolution
		HideSolutionNode = FALSE
	EndGlobalSection
	GlobalSection(ExtensibilityGlobals) = postSolution
		SolutionGuid = {046580D0-5C7D-4677-8DDF-EDCF0C4BD0C1}
	EndGlobalSection
EndGlobal
